
Microsoft Visual Studio Solution File, Format Version 12.00
# Visual Studio Version 16
VisualStudioVersion = 16.0.31624.102
MinimumVisualStudioVersion = 10.0.40219.1
Project("{9A19103F-16F7-4668-BE54-9A1E7A4F7556}") = "Bug.API", "Bug.API.csproj", "{EB2DAD8E-A5B4-4D4F-AA8E-7BDC2D1E7832}"
EndProject
Project("{FAE04EC0-301F-11D3-BF4B-00C04F79EFBC}") = "Bug.Infrastructure", "..\Bug.Infrastructure\Bug.Infrastructure.csproj", "{2A24CF8E-FE09-4F12-924F-DF90EF27AB7F}"
EndProject
Project("{FAE04EC0-301F-11D3-BF4B-00C04F79EFBC}") = "Bug.Enitites", "..\Bug.Enitites\Bug.Enitites.csproj", "{571AB63B-2645-4B94-91A7-01C05B8D6023}"
EndProject
Project("{FAE04EC0-301F-11D3-BF4B-00C04F79EFBC}") = "Bug.Data", "..\Bug.Data\Bug.Data.csproj", "{193FA61A-957A-41D5-AC5E-49332EBF6734}"
EndProject
Global
	GlobalSection(SolutionConfigurationPlatforms) = preSolution
		Debug|Any CPU = Debug|Any CPU
		Release|Any CPU = Release|Any CPU
	EndGlobalSection
	GlobalSection(ProjectConfigurationPlatforms) = postSolution
		{EB2DAD8E-A5B4-4D4F-AA8E-7BDC2D1E7832}.Debug|Any CPU.ActiveCfg = Debug|Any CPU
		{EB2DAD8E-A5B4-4D4F-AA8E-7BDC2D1E7832}.Debug|Any CPU.Build.0 = Debug|Any CPU
		{EB2DAD8E-A5B4-4D4F-AA8E-7BDC2D1E7832}.Release|Any CPU.ActiveCfg = Release|Any CPU
		{EB2DAD8E-A5B4-4D4F-AA8E-7BDC2D1E7832}.Release|Any CPU.Build.0 = Release|Any CPU
		{2A24CF8E-FE09-4F12-924F-DF90EF27AB7F}.Debug|Any CPU.ActiveCfg = Debug|Any CPU
		{2A24CF8E-FE09-4F12-924F-DF90EF27AB7F}.Debug|Any CPU.Build.0 = Debug|Any CPU
		{2A24CF8E-FE09-4F12-924F-DF90EF27AB7F}.Release|Any CPU.ActiveCfg = Release|Any CPU
		{2A24CF8E-FE09-4F12-924F-DF90EF27AB7F}.Release|Any CPU.Build.0 = Release|Any CPU
		{571AB63B-2645-4B94-91A7-01C05B8D6023}.Debug|Any CPU.ActiveCfg = Debug|Any CPU
		{571AB63B-2645-4B94-91A7-01C05B8D6023}.Debug|Any CPU.Build.0 = Debug|Any CPU
		{571AB63B-2645-4B94-91A7-01C05B8D6023}.Release|Any CPU.ActiveCfg = Release|Any CPU
		{571AB63B-2645-4B94-91A7-01C05B8D6023}.Release|Any CPU.Build.0 = Release|Any CPU
		{193FA61A-957A-41D5-AC5E-49332EBF6734}.Debug|Any CPU.ActiveCfg = Debug|Any CPU
		{193FA61A-957A-41D5-AC5E-49332EBF6734}.Debug|Any CPU.Build.0 = Debug|Any CPU
		{193FA61A-957A-41D5-AC5E-49332EBF6734}.Release|Any CPU.ActiveCfg = Release|Any CPU
		{193FA61A-957A-41D5-AC5E-49332EBF6734}.Release|Any CPU.Build.0 = Release|Any CPU
	EndGlobalSection
	GlobalSection(SolutionProperties) = preSolution
		HideSolutionNode = FALSE
	EndGlobalSection
	GlobalSection(ExtensibilityGlobals) = postSolution
		SolutionGuid = {DBC008D4-3D30-474E-8A73-943D91E49481}
	EndGlobalSection
EndGlobal
