
Microsoft Visual Studio Solution File, Format Version 12.00
# Visual Studio Version 16
VisualStudioVersion = 16.0.31624.102
MinimumVisualStudioVersion = 10.0.40219.1
Project("{9A19103F-16F7-4668-BE54-9A1E7A4F7556}") = "Bug.API", "Bug.API.csproj", "{EB2DAD8E-A5B4-4D4F-AA8E-7BDC2D1E7832}"
EndProject
Project("{9A19103F-16F7-4668-BE54-9A1E7A4F7556}") = "Bug.Data", "..\Bug.Data\Bug.Data.csproj", "{193FA61A-957A-41D5-AC5E-49332EBF6734}"
EndProject
Project("{9A19103F-16F7-4668-BE54-9A1E7A4F7556}") = "Bug.Entities", "..\Bug.Entities\Bug.Entities.csproj", "{39F8B3B5-498C-4A81-B6FC-EE2769746F31}"
EndProject
Project("{9A19103F-16F7-4668-BE54-9A1E7A4F7556}") = "DumbTest", "..\DumbTest\DumbTest.csproj", "{C15B05D5-1F30-44D9-BAF3-9D697D78E7EB}"
EndProject
Project("{9A19103F-16F7-4668-BE54-9A1E7A4F7556}") = "Bug.Core", "..\Bug.Core\Bug.Core.csproj", "{A49B2FDF-C805-4C5F-8B26-4FF1CB36442F}"
EndProject
Project("{2150E333-8FDC-42A3-9474-1A3956D46DE8}") = "test", "test", "{1463B1E9-89AC-4EA0-813D-A44A84802596}"
EndProject
Project("{FAE04EC0-301F-11D3-BF4B-00C04F79EFBC}") = "UnitTests", "..\UnitTests\UnitTests.csproj", "{1614F251-C8CF-494F-A323-7883A2790B9B}"
EndProject
Global
	GlobalSection(SolutionConfigurationPlatforms) = preSolution
		Debug|Any CPU = Debug|Any CPU
		Release|Any CPU = Release|Any CPU
	EndGlobalSection
	GlobalSection(ProjectConfigurationPlatforms) = postSolution
		{EB2DAD8E-A5B4-4D4F-AA8E-7BDC2D1E7832}.Debug|Any CPU.ActiveCfg = Debug|Any CPU
		{EB2DAD8E-A5B4-4D4F-AA8E-7BDC2D1E7832}.Debug|Any CPU.Build.0 = Debug|Any CPU
		{EB2DAD8E-A5B4-4D4F-AA8E-7BDC2D1E7832}.Release|Any CPU.ActiveCfg = Release|Any CPU
		{EB2DAD8E-A5B4-4D4F-AA8E-7BDC2D1E7832}.Release|Any CPU.Build.0 = Release|Any CPU
		{193FA61A-957A-41D5-AC5E-49332EBF6734}.Debug|Any CPU.ActiveCfg = Debug|Any CPU
		{193FA61A-957A-41D5-AC5E-49332EBF6734}.Debug|Any CPU.Build.0 = Debug|Any CPU
		{193FA61A-957A-41D5-AC5E-49332EBF6734}.Release|Any CPU.ActiveCfg = Release|Any CPU
		{193FA61A-957A-41D5-AC5E-49332EBF6734}.Release|Any CPU.Build.0 = Release|Any CPU
		{39F8B3B5-498C-4A81-B6FC-EE2769746F31}.Debug|Any CPU.ActiveCfg = Debug|Any CPU
		{39F8B3B5-498C-4A81-B6FC-EE2769746F31}.Debug|Any CPU.Build.0 = Debug|Any CPU
		{39F8B3B5-498C-4A81-B6FC-EE2769746F31}.Release|Any CPU.ActiveCfg = Release|Any CPU
		{39F8B3B5-498C-4A81-B6FC-EE2769746F31}.Release|Any CPU.Build.0 = Release|Any CPU
		{C15B05D5-1F30-44D9-BAF3-9D697D78E7EB}.Debug|Any CPU.ActiveCfg = Debug|Any CPU
		{C15B05D5-1F30-44D9-BAF3-9D697D78E7EB}.Debug|Any CPU.Build.0 = Debug|Any CPU
		{C15B05D5-1F30-44D9-BAF3-9D697D78E7EB}.Release|Any CPU.ActiveCfg = Release|Any CPU
		{C15B05D5-1F30-44D9-BAF3-9D697D78E7EB}.Release|Any CPU.Build.0 = Release|Any CPU
		{A49B2FDF-C805-4C5F-8B26-4FF1CB36442F}.Debug|Any CPU.ActiveCfg = Debug|Any CPU
		{A49B2FDF-C805-4C5F-8B26-4FF1CB36442F}.Debug|Any CPU.Build.0 = Debug|Any CPU
		{A49B2FDF-C805-4C5F-8B26-4FF1CB36442F}.Release|Any CPU.ActiveCfg = Release|Any CPU
		{A49B2FDF-C805-4C5F-8B26-4FF1CB36442F}.Release|Any CPU.Build.0 = Release|Any CPU
		{1614F251-C8CF-494F-A323-7883A2790B9B}.Debug|Any CPU.ActiveCfg = Debug|Any CPU
		{1614F251-C8CF-494F-A323-7883A2790B9B}.Debug|Any CPU.Build.0 = Debug|Any CPU
		{1614F251-C8CF-494F-A323-7883A2790B9B}.Release|Any CPU.ActiveCfg = Release|Any CPU
		{1614F251-C8CF-494F-A323-7883A2790B9B}.Release|Any CPU.Build.0 = Release|Any CPU
	EndGlobalSection
	GlobalSection(SolutionProperties) = preSolution
		HideSolutionNode = FALSE
	EndGlobalSection
	GlobalSection(NestedProjects) = preSolution
		{1614F251-C8CF-494F-A323-7883A2790B9B} = {1463B1E9-89AC-4EA0-813D-A44A84802596}
	EndGlobalSection
	GlobalSection(ExtensibilityGlobals) = postSolution
		SolutionGuid = {DBC008D4-3D30-474E-8A73-943D91E49481}
	EndGlobalSection
EndGlobal
