
Microsoft Visual Studio Solution File, Format Version 12.00
# Visual Studio Version 16
VisualStudioVersion = 16.0.31624.102
MinimumVisualStudioVersion = 10.0.40219.1
Project("{9A19103F-16F7-4668-BE54-9A1E7A4F7556}") = "Bug", "Bug\Bug.csproj", "{6240B601-478E-4C0E-AA81-1080602C31F7}"
	ProjectSection(ProjectDependencies) = postProject
		{FFDEA52F-75A0-45A3-8FDE-7698B1BD8968} = {FFDEA52F-75A0-45A3-8FDE-7698B1BD8968}
	EndProjectSection
EndProject
Project("{9A19103F-16F7-4668-BE54-9A1E7A4F7556}") = "Bug.Data", "Bug.Data\Bug.Data.csproj", "{32AE84ED-DF88-4954-A4F7-8E7DE606FDF9}"
	ProjectSection(ProjectDependencies) = postProject
		{FFDEA52F-75A0-45A3-8FDE-7698B1BD8968} = {FFDEA52F-75A0-45A3-8FDE-7698B1BD8968}
	EndProjectSection
EndProject
Project("{9A19103F-16F7-4668-BE54-9A1E7A4F7556}") = "Bug.Entity", "Bug.Entity\Bug.Entity.csproj", "{FFDEA52F-75A0-45A3-8FDE-7698B1BD8968}"
EndProject
Project("{9A19103F-16F7-4668-BE54-9A1E7A4F7556}") = "Bug.Infrastructure", "Bug.Infrastructure\Bug.Infrastructure.csproj", "{975E1478-B1D6-4EDB-A22D-E7A652B01593}"
EndProject
Global
	GlobalSection(SolutionConfigurationPlatforms) = preSolution
		Debug|Any CPU = Debug|Any CPU
		Release|Any CPU = Release|Any CPU
	EndGlobalSection
	GlobalSection(ProjectConfigurationPlatforms) = postSolution
		{6240B601-478E-4C0E-AA81-1080602C31F7}.Debug|Any CPU.ActiveCfg = Debug|Any CPU
		{6240B601-478E-4C0E-AA81-1080602C31F7}.Debug|Any CPU.Build.0 = Debug|Any CPU
		{6240B601-478E-4C0E-AA81-1080602C31F7}.Release|Any CPU.ActiveCfg = Release|Any CPU
		{6240B601-478E-4C0E-AA81-1080602C31F7}.Release|Any CPU.Build.0 = Release|Any CPU
		{32AE84ED-DF88-4954-A4F7-8E7DE606FDF9}.Debug|Any CPU.ActiveCfg = Debug|Any CPU
		{32AE84ED-DF88-4954-A4F7-8E7DE606FDF9}.Debug|Any CPU.Build.0 = Debug|Any CPU
		{32AE84ED-DF88-4954-A4F7-8E7DE606FDF9}.Release|Any CPU.ActiveCfg = Release|Any CPU
		{32AE84ED-DF88-4954-A4F7-8E7DE606FDF9}.Release|Any CPU.Build.0 = Release|Any CPU
		{FFDEA52F-75A0-45A3-8FDE-7698B1BD8968}.Debug|Any CPU.ActiveCfg = Debug|Any CPU
		{FFDEA52F-75A0-45A3-8FDE-7698B1BD8968}.Debug|Any CPU.Build.0 = Debug|Any CPU
		{FFDEA52F-75A0-45A3-8FDE-7698B1BD8968}.Release|Any CPU.ActiveCfg = Release|Any CPU
		{FFDEA52F-75A0-45A3-8FDE-7698B1BD8968}.Release|Any CPU.Build.0 = Release|Any CPU
		{975E1478-B1D6-4EDB-A22D-E7A652B01593}.Debug|Any CPU.ActiveCfg = Debug|Any CPU
		{975E1478-B1D6-4EDB-A22D-E7A652B01593}.Debug|Any CPU.Build.0 = Debug|Any CPU
		{975E1478-B1D6-4EDB-A22D-E7A652B01593}.Release|Any CPU.ActiveCfg = Release|Any CPU
		{975E1478-B1D6-4EDB-A22D-E7A652B01593}.Release|Any CPU.Build.0 = Release|Any CPU
	EndGlobalSection
	GlobalSection(SolutionProperties) = preSolution
		HideSolutionNode = FALSE
	EndGlobalSection
	GlobalSection(ExtensibilityGlobals) = postSolution
		SolutionGuid = {3E064D2A-154C-4015-826D-E646C7894DEC}
	EndGlobalSection
EndGlobal
